
Microsoft Visual Studio Solution File, Format Version 12.00
# Visual Studio Version 17
VisualStudioVersion = 17.14.36414.22 d17.14
MinimumVisualStudioVersion = 10.0.40219.1
Project("{FAE04EC0-301F-11D3-BF4B-00C04F79EFBC}") = "S25TPA_EX2", "S25TPA_EX2\S25TPA_EX2.csproj", "{84C267F4-2A97-463B-850A-6D067C04838A}"
EndProject
Global
	GlobalSection(SolutionConfigurationPlatforms) = preSolution
		Debug|Any CPU = Debug|Any CPU
		Release|Any CPU = Release|Any CPU
	EndGlobalSection
	GlobalSection(ProjectConfigurationPlatforms) = postSolution
		{84C267F4-2A97-463B-850A-6D067C04838A}.Debug|Any CPU.ActiveCfg = Debug|Any CPU
		{84C267F4-2A97-463B-850A-6D067C04838A}.Debug|Any CPU.Build.0 = Debug|Any CPU
		{84C267F4-2A97-463B-850A-6D067C04838A}.Release|Any CPU.ActiveCfg = Release|Any CPU
		{84C267F4-2A97-463B-850A-6D067C04838A}.Release|Any CPU.Build.0 = Release|Any CPU
	EndGlobalSection
	GlobalSection(SolutionProperties) = preSolution
		HideSolutionNode = FALSE
	EndGlobalSection
	GlobalSection(ExtensibilityGlobals) = postSolution
		SolutionGuid = {E794D87C-0970-41FD-A5D4-2CC4825C7071}
	EndGlobalSection
EndGlobal
